
Microsoft Visual Studio Solution File, Format Version 12.00
# Visual Studio 15
VisualStudioVersion = 15.0.28307.489
MinimumVisualStudioVersion = 10.0.40219.1
Project("{FAE04EC0-301F-11D3-BF4B-00C04F79EFBC}") = "PropertyBrands", "PropertyBrands\PropertyBrands.csproj", "{F43D7EAD-6602-4D45-9F70-F64BFD53C7C4}"
EndProject
Global
	GlobalSection(SolutionConfigurationPlatforms) = preSolution
		Debug|Any CPU = Debug|Any CPU
		Release|Any CPU = Release|Any CPU
	EndGlobalSection
	GlobalSection(ProjectConfigurationPlatforms) = postSolution
		{F43D7EAD-6602-4D45-9F70-F64BFD53C7C4}.Debug|Any CPU.ActiveCfg = Debug|Any CPU
		{F43D7EAD-6602-4D45-9F70-F64BFD53C7C4}.Debug|Any CPU.Build.0 = Debug|Any CPU
		{F43D7EAD-6602-4D45-9F70-F64BFD53C7C4}.Release|Any CPU.ActiveCfg = Release|Any CPU
		{F43D7EAD-6602-4D45-9F70-F64BFD53C7C4}.Release|Any CPU.Build.0 = Release|Any CPU
	EndGlobalSection
	GlobalSection(SolutionProperties) = preSolution
		HideSolutionNode = FALSE
	EndGlobalSection
	GlobalSection(ExtensibilityGlobals) = postSolution
		SolutionGuid = {941BFFAB-90D9-4861-B6D1-85D2825F261E}
	EndGlobalSection
EndGlobal
